// !$*UTF8*$!
{
	archiveVersion = 1;
	classes = {
	};
	objectVersion = 46;
	objects = {

/* Begin PBXBuildFile section */
		1281E803157458AC00369462 /* GTexture.cpp in Sources */ = {isa = PBXBuildFile; fileRef = 1281E800157458AC00369462 /* GTexture.cpp */; };
		1281E804157458AC00369462 /* GShaderProgram.cpp in Sources */ = {isa = PBXBuildFile; fileRef = 1281E802157458AC00369462 /* GShaderProgram.cpp */; };
		1281E83815745A5D00369462 /* GMatrix.cpp in Sources */ = {isa = PBXBuildFile; fileRef = 1281E80815745A5D00369462 /* GMatrix.cpp */; };
		1281E83915745A5D00369462 /* GMatrix3f.cpp in Sources */ = {isa = PBXBuildFile; fileRef = 1281E80A15745A5D00369462 /* GMatrix3f.cpp */; };
		1281E83A15745A5D00369462 /* GMatrixSparse.cpp in Sources */ = {isa = PBXBuildFile; fileRef = 1281E80C15745A5D00369462 /* GMatrixSparse.cpp */; };
		1281E83B15745A5D00369462 /* GRigidTransform.cpp in Sources */ = {isa = PBXBuildFile; fileRef = 1281E80E15745A5D00369462 /* GRigidTransform.cpp */; };
		1281E83C15745A5D00369462 /* GRigidTransformNode.cpp in Sources */ = {isa = PBXBuildFile; fileRef = 1281E81015745A5D00369462 /* GRigidTransformNode.cpp */; };
		1281E83D15745A5D00369462 /* GSolver.cpp in Sources */ = {isa = PBXBuildFile; fileRef = 1281E81215745A5D00369462 /* GSolver.cpp */; };
		1281E83E15745A5D00369462 /* GVector2f.cpp in Sources */ = {isa = PBXBuildFile; fileRef = 1281E81515745A5D00369462 /* GVector2f.cpp */; };
		1281E83F15745A5D00369462 /* GVector3f.cpp in Sources */ = {isa = PBXBuildFile; fileRef = 1281E81715745A5D00369462 /* GVector3f.cpp */; };
		1281E84015745A5D00369462 /* GVector4f.cpp in Sources */ = {isa = PBXBuildFile; fileRef = 1281E81915745A5D00369462 /* GVector4f.cpp */; };
		1281E84115745A5D00369462 /* GColorUtils.cpp in Sources */ = {isa = PBXBuildFile; fileRef = 1281E81C15745A5D00369462 /* GColorUtils.cpp */; };
		1281E84215745A5D00369462 /* GEasing.cpp in Sources */ = {isa = PBXBuildFile; fileRef = 1281E81E15745A5D00369462 /* GEasing.cpp */; };
		1281E84415745A5D00369462 /* GInterpolatedValue1f.cpp in Sources */ = {isa = PBXBuildFile; fileRef = 1281E82315745A5D00369462 /* GInterpolatedValue1f.cpp */; };
		1281E84515745A5D00369462 /* GInterpolatedValue2f.cpp in Sources */ = {isa = PBXBuildFile; fileRef = 1281E82515745A5D00369462 /* GInterpolatedValue2f.cpp */; };
		1281E84615745A5D00369462 /* GInterpolatedValue3f.cpp in Sources */ = {isa = PBXBuildFile; fileRef = 1281E82715745A5D00369462 /* GInterpolatedValue3f.cpp */; };
		1281E84715745A5D00369462 /* GKeyframeValue.cpp in Sources */ = {isa = PBXBuildFile; fileRef = 1281E82A15745A5D00369462 /* GKeyframeValue.cpp */; };
		1281E84815745A5D00369462 /* GDistribution.cpp in Sources */ = {isa = PBXBuildFile; fileRef = 1281E82D15745A5D00369462 /* GDistribution.cpp */; };
		1281E84915745A5D00369462 /* GRand.cpp in Sources */ = {isa = PBXBuildFile; fileRef = 1281E82F15745A5D00369462 /* GRand.cpp */; };
		1281E84A15745A5D00369462 /* GRandomValue1f.cpp in Sources */ = {isa = PBXBuildFile; fileRef = 1281E83215745A5D00369462 /* GRandomValue1f.cpp */; };
		1281E84B15745A5D00369462 /* GRandomValue2f.cpp in Sources */ = {isa = PBXBuildFile; fileRef = 1281E83415745A5D00369462 /* GRandomValue2f.cpp */; };
		1281E84C15745A5D00369462 /* GRandomValue3f.cpp in Sources */ = {isa = PBXBuildFile; fileRef = 1281E83615745A5D00369462 /* GRandomValue3f.cpp */; };
		1281E85415745AFF00369462 /* GBinaryTree.cpp in Sources */ = {isa = PBXBuildFile; fileRef = 1281E84E15745AFF00369462 /* GBinaryTree.cpp */; };
		1281E85915745B2500369462 /* GIndexList.cpp in Sources */ = {isa = PBXBuildFile; fileRef = 1281E85815745B2500369462 /* GIndexList.cpp */; };
		1281E87915746B6400369462 /* ABParticles.cpp in Sources */ = {isa = PBXBuildFile; fileRef = 1281E87715746B5400369462 /* ABParticles.cpp */; };
		1281E87C157569FD00369462 /* ABParticleShader.cpp in Sources */ = {isa = PBXBuildFile; fileRef = 1281E87A157569F700369462 /* ABParticleShader.cpp */; };
		1281E8841575CDC600369462 /* ABParticles.vsh in Resources */ = {isa = PBXBuildFile; fileRef = 1281E87D1575B8AD00369462 /* ABParticles.vsh */; };
		1281E8851575CDC600369462 /* ABParticles.fsh in Resources */ = {isa = PBXBuildFile; fileRef = 1281E87F1575B8B900369462 /* ABParticles.fsh */; };
		129B5FFB158588BB003C43FA /* FountainController.mm in Sources */ = {isa = PBXBuildFile; fileRef = 129B5FFA158588BB003C43FA /* FountainController.mm */; };
		C9002A8D1547D8840044B6AD /* UIKit.framework in Frameworks */ = {isa = PBXBuildFile; fileRef = C9002A8C1547D8840044B6AD /* UIKit.framework */; };
		C9002A8F1547D8840044B6AD /* Foundation.framework in Frameworks */ = {isa = PBXBuildFile; fileRef = C9002A8E1547D8840044B6AD /* Foundation.framework */; };
		C9002A911547D8840044B6AD /* CoreGraphics.framework in Frameworks */ = {isa = PBXBuildFile; fileRef = C9002A901547D8840044B6AD /* CoreGraphics.framework */; };
		C9002A931547D8840044B6AD /* GLKit.framework in Frameworks */ = {isa = PBXBuildFile; fileRef = C9002A921547D8840044B6AD /* GLKit.framework */; };
		C9002A951547D8840044B6AD /* OpenGLES.framework in Frameworks */ = {isa = PBXBuildFile; fileRef = C9002A941547D8840044B6AD /* OpenGLES.framework */; };
		C9002A9B1547D8840044B6AD /* InfoPlist.strings in Resources */ = {isa = PBXBuildFile; fileRef = C9002A991547D8840044B6AD /* InfoPlist.strings */; };
		C9002A9D1547D8840044B6AD /* main.m in Sources */ = {isa = PBXBuildFile; fileRef = C9002A9C1547D8840044B6AD /* main.m */; };
		C9002AA11547D8840044B6AD /* AppDelegate.mm in Sources */ = {isa = PBXBuildFile; fileRef = C9002AA01547D8840044B6AD /* AppDelegate.mm */; };
		C9002AA41547D8840044B6AD /* MainStoryboard.storyboard in Resources */ = {isa = PBXBuildFile; fileRef = C9002AA21547D8840044B6AD /* MainStoryboard.storyboard */; };
		C9002AAB1547D8840044B6AD /* ViewController.mm in Sources */ = {isa = PBXBuildFile; fileRef = C9002AAA1547D8840044B6AD /* ViewController.mm */; };
		C9002AC51547DCCB0044B6AD /* libABL.a in Frameworks */ = {isa = PBXBuildFile; fileRef = C9002AC41547DC8D0044B6AD /* libABL.a */; };
		C92C4AE015587582002B9396 /* UITouch+uniqueID.m in Sources */ = {isa = PBXBuildFile; fileRef = C92C4ADF15587582002B9396 /* UITouch+uniqueID.m */; };
		C92C4AF81558A872002B9396 /* TouchState.m in Sources */ = {isa = PBXBuildFile; fileRef = C92C4AF71558A872002B9396 /* TouchState.m */; };
		C92C4AFB1558E44D002B9396 /* TouchStateTouch.m in Sources */ = {isa = PBXBuildFile; fileRef = C92C4AFA1558E44D002B9396 /* TouchStateTouch.m */; };
		C92C4B0B1559C038002B9396 /* ABLWrapper.mm in Sources */ = {isa = PBXBuildFile; fileRef = C92C4B0A1559C037002B9396 /* ABLWrapper.mm */; };
		C942CAE0158431C000F9B17E /* TouchTrail.mm in Sources */ = {isa = PBXBuildFile; fileRef = C942CADF158431C000F9B17E /* TouchTrail.mm */; };
		C942CAE31584451A00F9B17E /* TrailController.mm in Sources */ = {isa = PBXBuildFile; fileRef = C942CAE21584451A00F9B17E /* TrailController.mm */; };
		C942CAE615845E7500F9B17E /* Fade.m in Sources */ = {isa = PBXBuildFile; fileRef = C942CAE515845E7500F9B17E /* Fade.m */; };
		C942CB07158563A400F9B17E /* ABParticles_ProfileCallback.cpp in Sources */ = {isa = PBXBuildFile; fileRef = C942CB06158563A400F9B17E /* ABParticles_ProfileCallback.cpp */; };
		C942CB0C1585930F00F9B17E /* TouchTrailCallback.cpp in Sources */ = {isa = PBXBuildFile; fileRef = C942CB0B1585930F00F9B17E /* TouchTrailCallback.cpp */; };
		C942CB101585992500F9B17E /* RainbowTrailCallback.mm in Sources */ = {isa = PBXBuildFile; fileRef = C942CB0F1585992500F9B17E /* RainbowTrailCallback.mm */; };
		C942CB2715859E3200F9B17E /* SpeedColorCallback.cpp.mm in Sources */ = {isa = PBXBuildFile; fileRef = C942CB2615859E3200F9B17E /* SpeedColorCallback.cpp.mm */; };
		C942CB2A1585A6AD00F9B17E /* MultiTrailController.mm in Sources */ = {isa = PBXBuildFile; fileRef = C942CB291585A6AD00F9B17E /* MultiTrailController.mm */; };
		C9DA51D01562E76700ADA5AA /* Framerate.m in Sources */ = {isa = PBXBuildFile; fileRef = C9DA51CF1562E76700ADA5AA /* Framerate.m */; };
		C9DA51D41562F50500ADA5AA /* FlatViewController.mm in Sources */ = {isa = PBXBuildFile; fileRef = C9DA51D31562F50500ADA5AA /* FlatViewController.mm */; };
		C9DA51D71562F86A00ADA5AA /* FlatView.m in Sources */ = {isa = PBXBuildFile; fileRef = C9DA51D61562F86A00ADA5AA /* FlatView.m */; };
/* End PBXBuildFile section */

/* Begin PBXContainerItemProxy section */
		C9002AC31547DC8D0044B6AD /* PBXContainerItemProxy */ = {
			isa = PBXContainerItemProxy;
			containerPortal = C9002ABC1547DC8C0044B6AD /* ABL.xcodeproj */;
			proxyType = 2;
			remoteGlobalIDString = C90028B51547AA040044B6AD;
			remoteInfo = ABL;
		};
/* End PBXContainerItemProxy section */

/* Begin PBXFileReference section */
		1281E7FF157458AC00369462 /* GTexture.h */ = {isa = PBXFileReference; fileEncoding = 4; lastKnownFileType = sourcecode.c.h; lineEnding = 0; path = GTexture.h; sourceTree = "<group>"; xcLanguageSpecificationIdentifier = xcode.lang.objcpp; };
		1281E800157458AC00369462 /* GTexture.cpp */ = {isa = PBXFileReference; fileEncoding = 4; lastKnownFileType = sourcecode.cpp.cpp; lineEnding = 0; path = GTexture.cpp; sourceTree = "<group>"; xcLanguageSpecificationIdentifier = xcode.lang.cpp; };
		1281E801157458AC00369462 /* GShaderProgram.h */ = {isa = PBXFileReference; fileEncoding = 4; lastKnownFileType = sourcecode.c.h; lineEnding = 2; path = GShaderProgram.h; sourceTree = "<group>"; xcLanguageSpecificationIdentifier = xcode.lang.objcpp; };
		1281E802157458AC00369462 /* GShaderProgram.cpp */ = {isa = PBXFileReference; fileEncoding = 4; lastKnownFileType = sourcecode.cpp.cpp; lineEnding = 0; path = GShaderProgram.cpp; sourceTree = "<group>"; xcLanguageSpecificationIdentifier = xcode.lang.cpp; };
		1281E80715745A5D00369462 /* GDataTypes.h */ = {isa = PBXFileReference; fileEncoding = 4; lastKnownFileType = sourcecode.c.h; path = GDataTypes.h; sourceTree = "<group>"; };
		1281E80815745A5D00369462 /* GMatrix.cpp */ = {isa = PBXFileReference; fileEncoding = 4; lastKnownFileType = sourcecode.cpp.cpp; path = GMatrix.cpp; sourceTree = "<group>"; };
		1281E80915745A5D00369462 /* GMatrix.h */ = {isa = PBXFileReference; fileEncoding = 4; lastKnownFileType = sourcecode.c.h; path = GMatrix.h; sourceTree = "<group>"; };
		1281E80A15745A5D00369462 /* GMatrix3f.cpp */ = {isa = PBXFileReference; fileEncoding = 4; lastKnownFileType = sourcecode.cpp.cpp; lineEnding = 0; path = GMatrix3f.cpp; sourceTree = "<group>"; xcLanguageSpecificationIdentifier = xcode.lang.cpp; };
		1281E80B15745A5D00369462 /* GMatrix3f.h */ = {isa = PBXFileReference; fileEncoding = 4; lastKnownFileType = sourcecode.c.h; lineEnding = 0; path = GMatrix3f.h; sourceTree = "<group>"; xcLanguageSpecificationIdentifier = xcode.lang.objcpp; };
		1281E80C15745A5D00369462 /* GMatrixSparse.cpp */ = {isa = PBXFileReference; fileEncoding = 4; lastKnownFileType = sourcecode.cpp.cpp; path = GMatrixSparse.cpp; sourceTree = "<group>"; };
		1281E80D15745A5D00369462 /* GMatrixSparse.h */ = {isa = PBXFileReference; fileEncoding = 4; lastKnownFileType = sourcecode.c.h; path = GMatrixSparse.h; sourceTree = "<group>"; };
		1281E80E15745A5D00369462 /* GRigidTransform.cpp */ = {isa = PBXFileReference; fileEncoding = 4; lastKnownFileType = sourcecode.cpp.cpp; lineEnding = 0; path = GRigidTransform.cpp; sourceTree = "<group>"; xcLanguageSpecificationIdentifier = xcode.lang.cpp; };
		1281E80F15745A5D00369462 /* GRigidTransform.h */ = {isa = PBXFileReference; fileEncoding = 4; lastKnownFileType = sourcecode.c.h; lineEnding = 0; path = GRigidTransform.h; sourceTree = "<group>"; xcLanguageSpecificationIdentifier = xcode.lang.objcpp; };
		1281E81015745A5D00369462 /* GRigidTransformNode.cpp */ = {isa = PBXFileReference; fileEncoding = 4; lastKnownFileType = sourcecode.cpp.cpp; path = GRigidTransformNode.cpp; sourceTree = "<group>"; };
		1281E81115745A5D00369462 /* GRigidTransformNode.h */ = {isa = PBXFileReference; fileEncoding = 4; lastKnownFileType = sourcecode.c.h; path = GRigidTransformNode.h; sourceTree = "<group>"; };
		1281E81215745A5D00369462 /* GSolver.cpp */ = {isa = PBXFileReference; fileEncoding = 4; lastKnownFileType = sourcecode.cpp.cpp; path = GSolver.cpp; sourceTree = "<group>"; };
		1281E81315745A5D00369462 /* GSolver.h */ = {isa = PBXFileReference; fileEncoding = 4; lastKnownFileType = sourcecode.c.h; path = GSolver.h; sourceTree = "<group>"; };
		1281E81415745A5D00369462 /* GTypes.h */ = {isa = PBXFileReference; fileEncoding = 4; lastKnownFileType = sourcecode.c.h; lineEnding = 0; path = GTypes.h; sourceTree = "<group>"; xcLanguageSpecificationIdentifier = xcode.lang.objcpp; };
		1281E81515745A5D00369462 /* GVector2f.cpp */ = {isa = PBXFileReference; fileEncoding = 4; lastKnownFileType = sourcecode.cpp.cpp; path = GVector2f.cpp; sourceTree = "<group>"; };
		1281E81615745A5D00369462 /* GVector2f.h */ = {isa = PBXFileReference; fileEncoding = 4; lastKnownFileType = sourcecode.c.h; path = GVector2f.h; sourceTree = "<group>"; };
		1281E81715745A5D00369462 /* GVector3f.cpp */ = {isa = PBXFileReference; fileEncoding = 4; lastKnownFileType = sourcecode.cpp.cpp; path = GVector3f.cpp; sourceTree = "<group>"; };
		1281E81815745A5D00369462 /* GVector3f.h */ = {isa = PBXFileReference; fileEncoding = 4; lastKnownFileType = sourcecode.c.h; path = GVector3f.h; sourceTree = "<group>"; };
		1281E81915745A5D00369462 /* GVector4f.cpp */ = {isa = PBXFileReference; fileEncoding = 4; lastKnownFileType = sourcecode.cpp.cpp; path = GVector4f.cpp; sourceTree = "<group>"; };
		1281E81A15745A5D00369462 /* GVector4f.h */ = {isa = PBXFileReference; fileEncoding = 4; lastKnownFileType = sourcecode.c.h; path = GVector4f.h; sourceTree = "<group>"; };
		1281E81C15745A5D00369462 /* GColorUtils.cpp */ = {isa = PBXFileReference; fileEncoding = 4; lastKnownFileType = sourcecode.cpp.cpp; lineEnding = 0; path = GColorUtils.cpp; sourceTree = "<group>"; xcLanguageSpecificationIdentifier = xcode.lang.cpp; };
		1281E81D15745A5D00369462 /* GColorUtils.h */ = {isa = PBXFileReference; fileEncoding = 4; lastKnownFileType = sourcecode.c.h; path = GColorUtils.h; sourceTree = "<group>"; };
		1281E81E15745A5D00369462 /* GEasing.cpp */ = {isa = PBXFileReference; fileEncoding = 4; lastKnownFileType = sourcecode.cpp.cpp; path = GEasing.cpp; sourceTree = "<group>"; };
		1281E81F15745A5D00369462 /* GEasing.h */ = {isa = PBXFileReference; fileEncoding = 4; lastKnownFileType = sourcecode.c.h; path = GEasing.h; sourceTree = "<group>"; };
		1281E82315745A5D00369462 /* GInterpolatedValue1f.cpp */ = {isa = PBXFileReference; fileEncoding = 4; lastKnownFileType = sourcecode.cpp.cpp; path = GInterpolatedValue1f.cpp; sourceTree = "<group>"; };
		1281E82415745A5D00369462 /* GInterpolatedValue1f.h */ = {isa = PBXFileReference; fileEncoding = 4; lastKnownFileType = sourcecode.c.h; path = GInterpolatedValue1f.h; sourceTree = "<group>"; };
		1281E82515745A5D00369462 /* GInterpolatedValue2f.cpp */ = {isa = PBXFileReference; fileEncoding = 4; lastKnownFileType = sourcecode.cpp.cpp; path = GInterpolatedValue2f.cpp; sourceTree = "<group>"; };
		1281E82615745A5D00369462 /* GInterpolatedValue2f.h */ = {isa = PBXFileReference; fileEncoding = 4; lastKnownFileType = sourcecode.c.h; path = GInterpolatedValue2f.h; sourceTree = "<group>"; };
		1281E82715745A5D00369462 /* GInterpolatedValue3f.cpp */ = {isa = PBXFileReference; fileEncoding = 4; lastKnownFileType = sourcecode.cpp.cpp; path = GInterpolatedValue3f.cpp; sourceTree = "<group>"; };
		1281E82815745A5D00369462 /* GInterpolatedValue3f.h */ = {isa = PBXFileReference; fileEncoding = 4; lastKnownFileType = sourcecode.c.h; path = GInterpolatedValue3f.h; sourceTree = "<group>"; };
		1281E82915745A5D00369462 /* GInterpolation.h */ = {isa = PBXFileReference; fileEncoding = 4; lastKnownFileType = sourcecode.c.h; path = GInterpolation.h; sourceTree = "<group>"; };
		1281E82A15745A5D00369462 /* GKeyframeValue.cpp */ = {isa = PBXFileReference; fileEncoding = 4; lastKnownFileType = sourcecode.cpp.cpp; lineEnding = 0; path = GKeyframeValue.cpp; sourceTree = "<group>"; xcLanguageSpecificationIdentifier = xcode.lang.cpp; };
		1281E82B15745A5D00369462 /* GKeyframeValue.h */ = {isa = PBXFileReference; fileEncoding = 4; lastKnownFileType = sourcecode.c.h; lineEnding = 0; path = GKeyframeValue.h; sourceTree = "<group>"; xcLanguageSpecificationIdentifier = xcode.lang.objcpp; };
		1281E82D15745A5D00369462 /* GDistribution.cpp */ = {isa = PBXFileReference; fileEncoding = 4; lastKnownFileType = sourcecode.cpp.cpp; path = GDistribution.cpp; sourceTree = "<group>"; };
		1281E82E15745A5D00369462 /* GDistribution.h */ = {isa = PBXFileReference; fileEncoding = 4; lastKnownFileType = sourcecode.c.h; path = GDistribution.h; sourceTree = "<group>"; };
		1281E82F15745A5D00369462 /* GRand.cpp */ = {isa = PBXFileReference; fileEncoding = 4; lastKnownFileType = sourcecode.cpp.cpp; lineEnding = 0; path = GRand.cpp; sourceTree = "<group>"; xcLanguageSpecificationIdentifier = xcode.lang.cpp; };
		1281E83015745A5D00369462 /* GRand.h */ = {isa = PBXFileReference; fileEncoding = 4; lastKnownFileType = sourcecode.c.h; lineEnding = 0; path = GRand.h; sourceTree = "<group>"; xcLanguageSpecificationIdentifier = xcode.lang.objcpp; };
		1281E83115745A5D00369462 /* GRandom.h */ = {isa = PBXFileReference; fileEncoding = 4; lastKnownFileType = sourcecode.c.h; path = GRandom.h; sourceTree = "<group>"; };
		1281E83215745A5D00369462 /* GRandomValue1f.cpp */ = {isa = PBXFileReference; fileEncoding = 4; lastKnownFileType = sourcecode.cpp.cpp; path = GRandomValue1f.cpp; sourceTree = "<group>"; };
		1281E83315745A5D00369462 /* GRandomValue1f.h */ = {isa = PBXFileReference; fileEncoding = 4; lastKnownFileType = sourcecode.c.h; path = GRandomValue1f.h; sourceTree = "<group>"; };
		1281E83415745A5D00369462 /* GRandomValue2f.cpp */ = {isa = PBXFileReference; fileEncoding = 4; lastKnownFileType = sourcecode.cpp.cpp; path = GRandomValue2f.cpp; sourceTree = "<group>"; };
		1281E83515745A5D00369462 /* GRandomValue2f.h */ = {isa = PBXFileReference; fileEncoding = 4; lastKnownFileType = sourcecode.c.h; path = GRandomValue2f.h; sourceTree = "<group>"; };
		1281E83615745A5D00369462 /* GRandomValue3f.cpp */ = {isa = PBXFileReference; fileEncoding = 4; lastKnownFileType = sourcecode.cpp.cpp; path = GRandomValue3f.cpp; sourceTree = "<group>"; };
		1281E83715745A5D00369462 /* GRandomValue3f.h */ = {isa = PBXFileReference; fileEncoding = 4; lastKnownFileType = sourcecode.c.h; path = GRandomValue3f.h; sourceTree = "<group>"; };
		1281E84E15745AFF00369462 /* GBinaryTree.cpp */ = {isa = PBXFileReference; fileEncoding = 4; lastKnownFileType = sourcecode.cpp.cpp; path = GBinaryTree.cpp; sourceTree = "<group>"; };
		1281E84F15745AFF00369462 /* GBinaryTree.h */ = {isa = PBXFileReference; fileEncoding = 4; lastKnownFileType = sourcecode.c.h; path = GBinaryTree.h; sourceTree = "<group>"; };
		1281E85715745B2500369462 /* GIndexList.h */ = {isa = PBXFileReference; fileEncoding = 4; lastKnownFileType = sourcecode.c.h; path = GIndexList.h; sourceTree = "<group>"; };
		1281E85815745B2500369462 /* GIndexList.cpp */ = {isa = PBXFileReference; fileEncoding = 4; lastKnownFileType = sourcecode.cpp.cpp; path = GIndexList.cpp; sourceTree = "<group>"; };
		1281E87715746B5400369462 /* ABParticles.cpp */ = {isa = PBXFileReference; fileEncoding = 4; lastKnownFileType = sourcecode.cpp.cpp; path = ABParticles.cpp; sourceTree = "<group>"; };
		1281E87815746B5800369462 /* ABParticles.h */ = {isa = PBXFileReference; fileEncoding = 4; lastKnownFileType = sourcecode.c.h; path = ABParticles.h; sourceTree = "<group>"; };
		1281E87A157569F700369462 /* ABParticleShader.cpp */ = {isa = PBXFileReference; fileEncoding = 4; lastKnownFileType = sourcecode.cpp.cpp; path = ABParticleShader.cpp; sourceTree = "<group>"; };
		1281E87B157569FA00369462 /* ABParticleShader.h */ = {isa = PBXFileReference; fileEncoding = 4; lastKnownFileType = sourcecode.c.h; path = ABParticleShader.h; sourceTree = "<group>"; };
		1281E87D1575B8AD00369462 /* ABParticles.vsh */ = {isa = PBXFileReference; fileEncoding = 4; lastKnownFileType = sourcecode.glsl; path = ABParticles.vsh; sourceTree = "<group>"; };
		1281E87F1575B8B900369462 /* ABParticles.fsh */ = {isa = PBXFileReference; fileEncoding = 4; lastKnownFileType = sourcecode.glsl; path = ABParticles.fsh; sourceTree = "<group>"; };
		129B5FF9158588BB003C43FA /* FountainController.h */ = {isa = PBXFileReference; fileEncoding = 4; lastKnownFileType = sourcecode.c.h; path = FountainController.h; sourceTree = "<group>"; };
		129B5FFA158588BB003C43FA /* FountainController.mm */ = {isa = PBXFileReference; fileEncoding = 4; lastKnownFileType = sourcecode.cpp.objcpp; path = FountainController.mm; sourceTree = "<group>"; };
		C9002A881547D8840044B6AD /* Ablaze.app */ = {isa = PBXFileReference; explicitFileType = wrapper.application; includeInIndex = 0; path = Ablaze.app; sourceTree = BUILT_PRODUCTS_DIR; };
		C9002A8C1547D8840044B6AD /* UIKit.framework */ = {isa = PBXFileReference; lastKnownFileType = wrapper.framework; name = UIKit.framework; path = System/Library/Frameworks/UIKit.framework; sourceTree = SDKROOT; };
		C9002A8E1547D8840044B6AD /* Foundation.framework */ = {isa = PBXFileReference; lastKnownFileType = wrapper.framework; name = Foundation.framework; path = System/Library/Frameworks/Foundation.framework; sourceTree = SDKROOT; };
		C9002A901547D8840044B6AD /* CoreGraphics.framework */ = {isa = PBXFileReference; lastKnownFileType = wrapper.framework; name = CoreGraphics.framework; path = System/Library/Frameworks/CoreGraphics.framework; sourceTree = SDKROOT; };
		C9002A921547D8840044B6AD /* GLKit.framework */ = {isa = PBXFileReference; lastKnownFileType = wrapper.framework; name = GLKit.framework; path = System/Library/Frameworks/GLKit.framework; sourceTree = SDKROOT; };
		C9002A941547D8840044B6AD /* OpenGLES.framework */ = {isa = PBXFileReference; lastKnownFileType = wrapper.framework; name = OpenGLES.framework; path = System/Library/Frameworks/OpenGLES.framework; sourceTree = SDKROOT; };
		C9002A981547D8840044B6AD /* Ablaze-Info.plist */ = {isa = PBXFileReference; lastKnownFileType = text.plist.xml; path = "Ablaze-Info.plist"; sourceTree = "<group>"; };
		C9002A9A1547D8840044B6AD /* en */ = {isa = PBXFileReference; lastKnownFileType = text.plist.strings; name = en; path = en.lproj/InfoPlist.strings; sourceTree = "<group>"; };
		C9002A9C1547D8840044B6AD /* main.m */ = {isa = PBXFileReference; lastKnownFileType = sourcecode.c.objc; path = main.m; sourceTree = "<group>"; };
		C9002A9E1547D8840044B6AD /* Ablaze-Prefix.pch */ = {isa = PBXFileReference; lastKnownFileType = sourcecode.c.h; path = "Ablaze-Prefix.pch"; sourceTree = "<group>"; };
		C9002A9F1547D8840044B6AD /* AppDelegate.h */ = {isa = PBXFileReference; lastKnownFileType = sourcecode.c.h; path = AppDelegate.h; sourceTree = "<group>"; };
		C9002AA01547D8840044B6AD /* AppDelegate.mm */ = {isa = PBXFileReference; lastKnownFileType = sourcecode.cpp.objcpp; path = AppDelegate.mm; sourceTree = "<group>"; };
		C9002AA31547D8840044B6AD /* en */ = {isa = PBXFileReference; lastKnownFileType = file.storyboard; name = en; path = en.lproj/MainStoryboard.storyboard; sourceTree = "<group>"; };
		C9002AA91547D8840044B6AD /* ViewController.h */ = {isa = PBXFileReference; lastKnownFileType = sourcecode.c.h; path = ViewController.h; sourceTree = "<group>"; };
		C9002AAA1547D8840044B6AD /* ViewController.mm */ = {isa = PBXFileReference; lastKnownFileType = sourcecode.cpp.objcpp; lineEnding = 0; path = ViewController.mm; sourceTree = "<group>"; xcLanguageSpecificationIdentifier = xcode.lang.objcpp; };
		C9002ABC1547DC8C0044B6AD /* ABL.xcodeproj */ = {isa = PBXFileReference; lastKnownFileType = "wrapper.pb-project"; name = ABL.xcodeproj; path = ABL/ABL/ABL.xcodeproj; sourceTree = "<group>"; };
		C92C4ADE15587582002B9396 /* UITouch+uniqueID.h */ = {isa = PBXFileReference; fileEncoding = 4; lastKnownFileType = sourcecode.c.h; path = "UITouch+uniqueID.h"; sourceTree = "<group>"; };
		C92C4ADF15587582002B9396 /* UITouch+uniqueID.m */ = {isa = PBXFileReference; fileEncoding = 4; lastKnownFileType = sourcecode.c.objc; path = "UITouch+uniqueID.m"; sourceTree = "<group>"; };
		C92C4AF61558A872002B9396 /* TouchState.h */ = {isa = PBXFileReference; fileEncoding = 4; lastKnownFileType = sourcecode.c.h; path = TouchState.h; sourceTree = "<group>"; };
		C92C4AF71558A872002B9396 /* TouchState.m */ = {isa = PBXFileReference; fileEncoding = 4; lastKnownFileType = sourcecode.c.objc; path = TouchState.m; sourceTree = "<group>"; };
		C92C4AF91558E44D002B9396 /* TouchStateTouch.h */ = {isa = PBXFileReference; fileEncoding = 4; lastKnownFileType = sourcecode.c.h; path = TouchStateTouch.h; sourceTree = "<group>"; };
		C92C4AFA1558E44D002B9396 /* TouchStateTouch.m */ = {isa = PBXFileReference; fileEncoding = 4; lastKnownFileType = sourcecode.c.objc; path = TouchStateTouch.m; sourceTree = "<group>"; };
		C92C4B091559C037002B9396 /* ABLWrapper.h */ = {isa = PBXFileReference; fileEncoding = 4; lastKnownFileType = sourcecode.c.h; path = ABLWrapper.h; sourceTree = "<group>"; };
		C92C4B0A1559C037002B9396 /* ABLWrapper.mm */ = {isa = PBXFileReference; fileEncoding = 4; lastKnownFileType = sourcecode.cpp.objcpp; lineEnding = 0; path = ABLWrapper.mm; sourceTree = "<group>"; xcLanguageSpecificationIdentifier = xcode.lang.objcpp; };
		C942CADE158431C000F9B17E /* TouchTrail.h */ = {isa = PBXFileReference; fileEncoding = 4; lastKnownFileType = sourcecode.c.h; path = TouchTrail.h; sourceTree = "<group>"; };
		C942CADF158431C000F9B17E /* TouchTrail.mm */ = {isa = PBXFileReference; fileEncoding = 4; lastKnownFileType = sourcecode.cpp.objcpp; path = TouchTrail.mm; sourceTree = "<group>"; };
		C942CAE11584451900F9B17E /* TrailController.h */ = {isa = PBXFileReference; fileEncoding = 4; lastKnownFileType = sourcecode.c.h; path = TrailController.h; sourceTree = "<group>"; };
		C942CAE21584451A00F9B17E /* TrailController.mm */ = {isa = PBXFileReference; fileEncoding = 4; lastKnownFileType = sourcecode.cpp.objcpp; path = TrailController.mm; sourceTree = "<group>"; };
		C942CAE415845E7500F9B17E /* Fade.h */ = {isa = PBXFileReference; fileEncoding = 4; lastKnownFileType = sourcecode.c.h; name = Fade.h; path = Ablaze/Fade.h; sourceTree = "<group>"; };
		C942CAE515845E7500F9B17E /* Fade.m */ = {isa = PBXFileReference; fileEncoding = 4; lastKnownFileType = sourcecode.c.objc; name = Fade.m; path = Ablaze/Fade.m; sourceTree = "<group>"; };
		C942CB051584DD5D00F9B17E /* Drawable.h */ = {isa = PBXFileReference; lastKnownFileType = sourcecode.c.h; name = Drawable.h; path = Ablaze/Drawable.h; sourceTree = "<group>"; };
		C942CB06158563A400F9B17E /* ABParticles_ProfileCallback.cpp */ = {isa = PBXFileReference; fileEncoding = 4; lastKnownFileType = sourcecode.cpp.cpp; path = ABParticles_ProfileCallback.cpp; sourceTree = "<group>"; };
		C942CB0B1585930F00F9B17E /* TouchTrailCallback.cpp */ = {isa = PBXFileReference; fileEncoding = 4; lastKnownFileType = sourcecode.cpp.cpp; path = TouchTrailCallback.cpp; sourceTree = "<group>"; };
		C942CB0D1585931C00F9B17E /* TouchTrailCallback.h */ = {isa = PBXFileReference; lastKnownFileType = sourcecode.c.h; path = TouchTrailCallback.h; sourceTree = "<group>"; };
		C942CB0E1585991B00F9B17E /* RainbowTrailCallback.h */ = {isa = PBXFileReference; fileEncoding = 4; lastKnownFileType = sourcecode.c.h; path = RainbowTrailCallback.h; sourceTree = "<group>"; };
		C942CB0F1585992500F9B17E /* RainbowTrailCallback.mm */ = {isa = PBXFileReference; fileEncoding = 4; lastKnownFileType = sourcecode.cpp.objcpp; path = RainbowTrailCallback.mm; sourceTree = "<group>"; };
		C942CB2515859E1F00F9B17E /* SpeedColorCallback.h */ = {isa = PBXFileReference; lastKnownFileType = sourcecode.c.h; path = SpeedColorCallback.h; sourceTree = "<group>"; };
		C942CB2615859E3200F9B17E /* SpeedColorCallback.cpp.mm */ = {isa = PBXFileReference; fileEncoding = 4; lastKnownFileType = sourcecode.cpp.objcpp; path = SpeedColorCallback.cpp.mm; sourceTree = "<group>"; };
		C942CB281585A69B00F9B17E /* MultiTrailController.h */ = {isa = PBXFileReference; fileEncoding = 4; lastKnownFileType = sourcecode.c.h; path = MultiTrailController.h; sourceTree = "<group>"; };
		C942CB291585A6AD00F9B17E /* MultiTrailController.mm */ = {isa = PBXFileReference; fileEncoding = 4; lastKnownFileType = sourcecode.cpp.objcpp; path = MultiTrailController.mm; sourceTree = "<group>"; };
		C9DA51CE1562E76700ADA5AA /* Framerate.h */ = {isa = PBXFileReference; fileEncoding = 4; lastKnownFileType = sourcecode.c.h; path = Framerate.h; sourceTree = "<group>"; };
		C9DA51CF1562E76700ADA5AA /* Framerate.m */ = {isa = PBXFileReference; fileEncoding = 4; lastKnownFileType = sourcecode.c.objc; path = Framerate.m; sourceTree = "<group>"; };
		C9DA51D21562F50500ADA5AA /* FlatViewController.h */ = {isa = PBXFileReference; fileEncoding = 4; lastKnownFileType = sourcecode.c.h; path = FlatViewController.h; sourceTree = "<group>"; };
		C9DA51D31562F50500ADA5AA /* FlatViewController.mm */ = {isa = PBXFileReference; fileEncoding = 4; lastKnownFileType = sourcecode.cpp.objcpp; path = FlatViewController.mm; sourceTree = "<group>"; };
		C9DA51D51562F86A00ADA5AA /* FlatView.h */ = {isa = PBXFileReference; fileEncoding = 4; lastKnownFileType = sourcecode.c.h; path = FlatView.h; sourceTree = "<group>"; };
		C9DA51D61562F86A00ADA5AA /* FlatView.m */ = {isa = PBXFileReference; fileEncoding = 4; lastKnownFileType = sourcecode.c.objc; path = FlatView.m; sourceTree = "<group>"; };
/* End PBXFileReference section */

/* Begin PBXFrameworksBuildPhase section */
		C9002A851547D8840044B6AD /* Frameworks */ = {
			isa = PBXFrameworksBuildPhase;
			buildActionMask = 2147483647;
			files = (
				C9002AC51547DCCB0044B6AD /* libABL.a in Frameworks */,
				C9002A8D1547D8840044B6AD /* UIKit.framework in Frameworks */,
				C9002A8F1547D8840044B6AD /* Foundation.framework in Frameworks */,
				C9002A911547D8840044B6AD /* CoreGraphics.framework in Frameworks */,
				C9002A931547D8840044B6AD /* GLKit.framework in Frameworks */,
				C9002A951547D8840044B6AD /* OpenGLES.framework in Frameworks */,
			);
			runOnlyForDeploymentPostprocessing = 0;
		};
/* End PBXFrameworksBuildPhase section */

/* Begin PBXGroup section */
		1281E7ED157456F200369462 /* Graphics */ = {
			isa = PBXGroup;
			children = (
				1281E805157459DA00369462 /* Math */,
				1281E7EF1574575900369462 /* Particles */,
				1281E85B1574639700369462 /* Shaders */,
				1281E7EE1574575600369462 /* Utilities */,
			);
			path = Graphics;
			sourceTree = "<group>";
		};
		1281E7EE1574575600369462 /* Utilities */ = {
			isa = PBXGroup;
			children = (
				1281E7FF157458AC00369462 /* GTexture.h */,
				1281E800157458AC00369462 /* GTexture.cpp */,
				1281E801157458AC00369462 /* GShaderProgram.h */,
				1281E802157458AC00369462 /* GShaderProgram.cpp */,
			);
			path = Utilities;
			sourceTree = "<group>";
		};
		1281E7EF1574575900369462 /* Particles */ = {
			isa = PBXGroup;
			children = (
				1281E87815746B5800369462 /* ABParticles.h */,
				1281E87715746B5400369462 /* ABParticles.cpp */,
				1281E87B157569FA00369462 /* ABParticleShader.h */,
				1281E87A157569F700369462 /* ABParticleShader.cpp */,
				C942CB06158563A400F9B17E /* ABParticles_ProfileCallback.cpp */,
			);
			path = Particles;
			sourceTree = "<group>";
		};
		1281E805157459DA00369462 /* Math */ = {
			isa = PBXGroup;
			children = (
				1281E84D15745AFF00369462 /* Containers */,
				1281E80615745A5D00369462 /* Data Types */,
				1281E81B15745A5D00369462 /* Functions */,
				1281E82215745A5D00369462 /* Interpolation */,
				1281E82C15745A5D00369462 /* Random */,
			);
			path = Math;
			sourceTree = "<group>";
		};
		1281E80615745A5D00369462 /* Data Types */ = {
			isa = PBXGroup;
			children = (
				1281E80715745A5D00369462 /* GDataTypes.h */,
				1281E80815745A5D00369462 /* GMatrix.cpp */,
				1281E80915745A5D00369462 /* GMatrix.h */,
				1281E80A15745A5D00369462 /* GMatrix3f.cpp */,
				1281E80B15745A5D00369462 /* GMatrix3f.h */,
				1281E80C15745A5D00369462 /* GMatrixSparse.cpp */,
				1281E80D15745A5D00369462 /* GMatrixSparse.h */,
				1281E80E15745A5D00369462 /* GRigidTransform.cpp */,
				1281E80F15745A5D00369462 /* GRigidTransform.h */,
				1281E81015745A5D00369462 /* GRigidTransformNode.cpp */,
				1281E81115745A5D00369462 /* GRigidTransformNode.h */,
				1281E81215745A5D00369462 /* GSolver.cpp */,
				1281E81315745A5D00369462 /* GSolver.h */,
				1281E81415745A5D00369462 /* GTypes.h */,
				1281E81515745A5D00369462 /* GVector2f.cpp */,
				1281E81615745A5D00369462 /* GVector2f.h */,
				1281E81715745A5D00369462 /* GVector3f.cpp */,
				1281E81815745A5D00369462 /* GVector3f.h */,
				1281E81915745A5D00369462 /* GVector4f.cpp */,
				1281E81A15745A5D00369462 /* GVector4f.h */,
			);
			path = "Data Types";
			sourceTree = "<group>";
		};
		1281E81B15745A5D00369462 /* Functions */ = {
			isa = PBXGroup;
			children = (
				1281E81C15745A5D00369462 /* GColorUtils.cpp */,
				1281E81D15745A5D00369462 /* GColorUtils.h */,
				1281E81E15745A5D00369462 /* GEasing.cpp */,
				1281E81F15745A5D00369462 /* GEasing.h */,
			);
			path = Functions;
			sourceTree = "<group>";
		};
		1281E82215745A5D00369462 /* Interpolation */ = {
			isa = PBXGroup;
			children = (
				1281E82315745A5D00369462 /* GInterpolatedValue1f.cpp */,
				1281E82415745A5D00369462 /* GInterpolatedValue1f.h */,
				1281E82515745A5D00369462 /* GInterpolatedValue2f.cpp */,
				1281E82615745A5D00369462 /* GInterpolatedValue2f.h */,
				1281E82715745A5D00369462 /* GInterpolatedValue3f.cpp */,
				1281E82815745A5D00369462 /* GInterpolatedValue3f.h */,
				1281E82915745A5D00369462 /* GInterpolation.h */,
				1281E82A15745A5D00369462 /* GKeyframeValue.cpp */,
				1281E82B15745A5D00369462 /* GKeyframeValue.h */,
			);
			path = Interpolation;
			sourceTree = "<group>";
		};
		1281E82C15745A5D00369462 /* Random */ = {
			isa = PBXGroup;
			children = (
				1281E82D15745A5D00369462 /* GDistribution.cpp */,
				1281E82E15745A5D00369462 /* GDistribution.h */,
				1281E82F15745A5D00369462 /* GRand.cpp */,
				1281E83015745A5D00369462 /* GRand.h */,
				1281E83115745A5D00369462 /* GRandom.h */,
				1281E83215745A5D00369462 /* GRandomValue1f.cpp */,
				1281E83315745A5D00369462 /* GRandomValue1f.h */,
				1281E83415745A5D00369462 /* GRandomValue2f.cpp */,
				1281E83515745A5D00369462 /* GRandomValue2f.h */,
				1281E83615745A5D00369462 /* GRandomValue3f.cpp */,
				1281E83715745A5D00369462 /* GRandomValue3f.h */,
			);
			path = Random;
			sourceTree = "<group>";
		};
		1281E84D15745AFF00369462 /* Containers */ = {
			isa = PBXGroup;
			children = (
				1281E85715745B2500369462 /* GIndexList.h */,
				1281E85815745B2500369462 /* GIndexList.cpp */,
				1281E84E15745AFF00369462 /* GBinaryTree.cpp */,
				1281E84F15745AFF00369462 /* GBinaryTree.h */,
			);
			path = Containers;
			sourceTree = "<group>";
		};
		1281E85B1574639700369462 /* Shaders */ = {
			isa = PBXGroup;
			children = (
				1281E87D1575B8AD00369462 /* ABParticles.vsh */,
				1281E87F1575B8B900369462 /* ABParticles.fsh */,
			);
			path = Shaders;
			sourceTree = "<group>";
		};
		C9002A7D1547D8840044B6AD = {
			isa = PBXGroup;
			children = (
				C9002A961547D8840044B6AD /* Ablaze */,
				C9002A8B1547D8840044B6AD /* Frameworks */,
				C9002A891547D8840044B6AD /* Products */,
			);
			sourceTree = "<group>";
		};
		C9002A891547D8840044B6AD /* Products */ = {
			isa = PBXGroup;
			children = (
				C9002A881547D8840044B6AD /* Ablaze.app */,
			);
			name = Products;
			sourceTree = "<group>";
		};
		C9002A8B1547D8840044B6AD /* Frameworks */ = {
			isa = PBXGroup;
			children = (
				C9002ABC1547DC8C0044B6AD /* ABL.xcodeproj */,
				C9002A8C1547D8840044B6AD /* UIKit.framework */,
				C9002A8E1547D8840044B6AD /* Foundation.framework */,
				C9002A901547D8840044B6AD /* CoreGraphics.framework */,
				C9002A921547D8840044B6AD /* GLKit.framework */,
				C9002A941547D8840044B6AD /* OpenGLES.framework */,
			);
			name = Frameworks;
			sourceTree = "<group>";
		};
		C9002A961547D8840044B6AD /* Ablaze */ = {
			isa = PBXGroup;
			children = (
				C9002AA91547D8840044B6AD /* ViewController.h */,
				C9002AAA1547D8840044B6AD /* ViewController.mm */,
				C92C4B091559C037002B9396 /* ABLWrapper.h */,
				C92C4B0A1559C037002B9396 /* ABLWrapper.mm */,
				129B5FF9158588BB003C43FA /* FountainController.h */,
				129B5FFA158588BB003C43FA /* FountainController.mm */,
				C942CB2C1585AE2500F9B17E /* Draw Modes */,
				C942CB0A158592EE00F9B17E /* Drawables */,
				C92C4AFC1558E45C002B9396 /* Touches */,
				C9DA51D11562F48C00ADA5AA /* View Controllers */,
				1281E7ED157456F200369462 /* Graphics */,
				C9F786D2157C998200068CF0 /* Utility Classes */,
				C9002A971547D8840044B6AD /* Supporting Files */,
			);
			path = Ablaze;
			sourceTree = "<group>";
		};
		C9002A971547D8840044B6AD /* Supporting Files */ = {
			isa = PBXGroup;
			children = (
				C9002A9F1547D8840044B6AD /* AppDelegate.h */,
				C9002AA01547D8840044B6AD /* AppDelegate.mm */,
				C9002AA21547D8840044B6AD /* MainStoryboard.storyboard */,
				C9002A981547D8840044B6AD /* Ablaze-Info.plist */,
				C9002A991547D8840044B6AD /* InfoPlist.strings */,
				C9002A9C1547D8840044B6AD /* main.m */,
				C9002A9E1547D8840044B6AD /* Ablaze-Prefix.pch */,
			);
			name = "Supporting Files";
			sourceTree = "<group>";
		};
		C9002ABD1547DC8C0044B6AD /* Products */ = {
			isa = PBXGroup;
			children = (
				C9002AC41547DC8D0044B6AD /* libABL.a */,
			);
			name = Products;
			sourceTree = "<group>";
		};
		C92C4AFC1558E45C002B9396 /* Touches */ = {
			isa = PBXGroup;
			children = (
				C92C4AF61558A872002B9396 /* TouchState.h */,
				C92C4AF71558A872002B9396 /* TouchState.m */,
				C92C4AF91558E44D002B9396 /* TouchStateTouch.h */,
				C92C4AFA1558E44D002B9396 /* TouchStateTouch.m */,
				C92C4ADE15587582002B9396 /* UITouch+uniqueID.h */,
				C92C4ADF15587582002B9396 /* UITouch+uniqueID.m */,
			);
			name = Touches;
			sourceTree = "<group>";
		};
		C942CB09158592DD00F9B17E /* Trails */ = {
			isa = PBXGroup;
			children = (
				C942CAE11584451900F9B17E /* TrailController.h */,
				C942CAE21584451A00F9B17E /* TrailController.mm */,
				C942CB0E1585991B00F9B17E /* RainbowTrailCallback.h */,
				C942CB0F1585992500F9B17E /* RainbowTrailCallback.mm */,
				C942CB2515859E1F00F9B17E /* SpeedColorCallback.h */,
				C942CB2615859E3200F9B17E /* SpeedColorCallback.cpp.mm */,
			);
			name = Trails;
			sourceTree = "<group>";
		};
		C942CB0A158592EE00F9B17E /* Drawables */ = {
			isa = PBXGroup;
			children = (
				C942CB051584DD5D00F9B17E /* Drawable.h */,
				C942CAE415845E7500F9B17E /* Fade.h */,
				C942CAE515845E7500F9B17E /* Fade.m */,
			);
			name = Drawables;
			path = ..;
			sourceTree = "<group>";
		};
		C942CB2B1585AC8A00F9B17E /* MultiTrail */ = {
			isa = PBXGroup;
			children = (
				C942CB281585A69B00F9B17E /* MultiTrailController.h */,
				C942CB291585A6AD00F9B17E /* MultiTrailController.mm */,
				C942CADE158431C000F9B17E /* TouchTrail.h */,
				C942CADF158431C000F9B17E /* TouchTrail.mm */,
				C942CB0D1585931C00F9B17E /* TouchTrailCallback.h */,
				C942CB0B1585930F00F9B17E /* TouchTrailCallback.cpp */,
			);
			name = MultiTrail;
			sourceTree = "<group>";
		};
		C942CB2C1585AE2500F9B17E /* Draw Modes */ = {
			isa = PBXGroup;
			children = (
				C942CB09158592DD00F9B17E /* Trails */,
				C942CB2B1585AC8A00F9B17E /* MultiTrail */,
			);
			name = "Draw Modes";
			sourceTree = "<group>";
		};
		C9DA51D11562F48C00ADA5AA /* View Controllers */ = {
			isa = PBXGroup;
			children = (
				C9DA51D21562F50500ADA5AA /* FlatViewController.h */,
				C9DA51D31562F50500ADA5AA /* FlatViewController.mm */,
				C9DA51D51562F86A00ADA5AA /* FlatView.h */,
				C9DA51D61562F86A00ADA5AA /* FlatView.m */,
			);
			name = "View Controllers";
			sourceTree = "<group>";
		};
		C9F786D2157C998200068CF0 /* Utility Classes */ = {
			isa = PBXGroup;
			children = (
				C9DA51CE1562E76700ADA5AA /* Framerate.h */,
				C9DA51CF1562E76700ADA5AA /* Framerate.m */,
			);
			name = "Utility Classes";
			sourceTree = "<group>";
		};
/* End PBXGroup section */

/* Begin PBXNativeTarget section */
		C9002A871547D8840044B6AD /* Ablaze */ = {
			isa = PBXNativeTarget;
			buildConfigurationList = C9002AAE1547D8840044B6AD /* Build configuration list for PBXNativeTarget "Ablaze" */;
			buildPhases = (
				C9002A841547D8840044B6AD /* Sources */,
				C9002A851547D8840044B6AD /* Frameworks */,
				C9002A861547D8840044B6AD /* Resources */,
			);
			buildRules = (
			);
			dependencies = (
			);
			name = Ablaze;
			productName = Ablaze;
			productReference = C9002A881547D8840044B6AD /* Ablaze.app */;
			productType = "com.apple.product-type.application";
		};
/* End PBXNativeTarget section */

/* Begin PBXProject section */
		C9002A7F1547D8840044B6AD /* Project object */ = {
			isa = PBXProject;
			attributes = {
				LastUpgradeCheck = 0430;
				ORGANIZATIONNAME = "Matt Rubin";
			};
			buildConfigurationList = C9002A821547D8840044B6AD /* Build configuration list for PBXProject "Ablaze" */;
			compatibilityVersion = "Xcode 3.2";
			developmentRegion = English;
			hasScannedForEncodings = 0;
			knownRegions = (
				en,
			);
			mainGroup = C9002A7D1547D8840044B6AD;
			productRefGroup = C9002A891547D8840044B6AD /* Products */;
			projectDirPath = "";
			projectReferences = (
				{
					ProductGroup = C9002ABD1547DC8C0044B6AD /* Products */;
					ProjectRef = C9002ABC1547DC8C0044B6AD /* ABL.xcodeproj */;
				},
			);
			projectRoot = "";
			targets = (
				C9002A871547D8840044B6AD /* Ablaze */,
			);
		};
/* End PBXProject section */

/* Begin PBXReferenceProxy section */
		C9002AC41547DC8D0044B6AD /* libABL.a */ = {
			isa = PBXReferenceProxy;
			fileType = archive.ar;
			path = libABL.a;
			remoteRef = C9002AC31547DC8D0044B6AD /* PBXContainerItemProxy */;
			sourceTree = BUILT_PRODUCTS_DIR;
		};
/* End PBXReferenceProxy section */

/* Begin PBXResourcesBuildPhase section */
		C9002A861547D8840044B6AD /* Resources */ = {
			isa = PBXResourcesBuildPhase;
			buildActionMask = 2147483647;
			files = (
				C9002A9B1547D8840044B6AD /* InfoPlist.strings in Resources */,
				C9002AA41547D8840044B6AD /* MainStoryboard.storyboard in Resources */,
				1281E8841575CDC600369462 /* ABParticles.vsh in Resources */,
				1281E8851575CDC600369462 /* ABParticles.fsh in Resources */,
			);
			runOnlyForDeploymentPostprocessing = 0;
		};
/* End PBXResourcesBuildPhase section */

/* Begin PBXSourcesBuildPhase section */
		C9002A841547D8840044B6AD /* Sources */ = {
			isa = PBXSourcesBuildPhase;
			buildActionMask = 2147483647;
			files = (
				C9002A9D1547D8840044B6AD /* main.m in Sources */,
				C9002AA11547D8840044B6AD /* AppDelegate.mm in Sources */,
				C9002AAB1547D8840044B6AD /* ViewController.mm in Sources */,
				C92C4AE015587582002B9396 /* UITouch+uniqueID.m in Sources */,
				C92C4AF81558A872002B9396 /* TouchState.m in Sources */,
				C92C4AFB1558E44D002B9396 /* TouchStateTouch.m in Sources */,
				C92C4B0B1559C038002B9396 /* ABLWrapper.mm in Sources */,
				C9DA51D01562E76700ADA5AA /* Framerate.m in Sources */,
				C9DA51D41562F50500ADA5AA /* FlatViewController.mm in Sources */,
				C9DA51D71562F86A00ADA5AA /* FlatView.m in Sources */,
				1281E803157458AC00369462 /* GTexture.cpp in Sources */,
				1281E804157458AC00369462 /* GShaderProgram.cpp in Sources */,
				1281E83815745A5D00369462 /* GMatrix.cpp in Sources */,
				1281E83915745A5D00369462 /* GMatrix3f.cpp in Sources */,
				1281E83A15745A5D00369462 /* GMatrixSparse.cpp in Sources */,
				1281E83B15745A5D00369462 /* GRigidTransform.cpp in Sources */,
				1281E83C15745A5D00369462 /* GRigidTransformNode.cpp in Sources */,
				1281E83D15745A5D00369462 /* GSolver.cpp in Sources */,
				1281E83E15745A5D00369462 /* GVector2f.cpp in Sources */,
				1281E83F15745A5D00369462 /* GVector3f.cpp in Sources */,
				1281E84015745A5D00369462 /* GVector4f.cpp in Sources */,
				1281E84115745A5D00369462 /* GColorUtils.cpp in Sources */,
				1281E84215745A5D00369462 /* GEasing.cpp in Sources */,
				1281E84415745A5D00369462 /* GInterpolatedValue1f.cpp in Sources */,
				1281E84515745A5D00369462 /* GInterpolatedValue2f.cpp in Sources */,
				1281E84615745A5D00369462 /* GInterpolatedValue3f.cpp in Sources */,
				1281E84715745A5D00369462 /* GKeyframeValue.cpp in Sources */,
				1281E84815745A5D00369462 /* GDistribution.cpp in Sources */,
				1281E84915745A5D00369462 /* GRand.cpp in Sources */,
				1281E84A15745A5D00369462 /* GRandomValue1f.cpp in Sources */,
				1281E84B15745A5D00369462 /* GRandomValue2f.cpp in Sources */,
				1281E84C15745A5D00369462 /* GRandomValue3f.cpp in Sources */,
				1281E85415745AFF00369462 /* GBinaryTree.cpp in Sources */,
				1281E85915745B2500369462 /* GIndexList.cpp in Sources */,
				1281E87915746B6400369462 /* ABParticles.cpp in Sources */,
				1281E87C157569FD00369462 /* ABParticleShader.cpp in Sources */,
				C942CAE0158431C000F9B17E /* TouchTrail.mm in Sources */,
				C942CAE31584451A00F9B17E /* TrailController.mm in Sources */,
				C942CAE615845E7500F9B17E /* Fade.m in Sources */,
				C942CB07158563A400F9B17E /* ABParticles_ProfileCallback.cpp in Sources */,
				C942CB0C1585930F00F9B17E /* TouchTrailCallback.cpp in Sources */,
				C942CB101585992500F9B17E /* RainbowTrailCallback.mm in Sources */,
				C942CB2715859E3200F9B17E /* SpeedColorCallback.cpp.mm in Sources */,
				C942CB2A1585A6AD00F9B17E /* MultiTrailController.mm in Sources */,
				129B5FFB158588BB003C43FA /* FountainController.mm in Sources */,
			);
			runOnlyForDeploymentPostprocessing = 0;
		};
/* End PBXSourcesBuildPhase section */

/* Begin PBXVariantGroup section */
		C9002A991547D8840044B6AD /* InfoPlist.strings */ = {
			isa = PBXVariantGroup;
			children = (
				C9002A9A1547D8840044B6AD /* en */,
			);
			name = InfoPlist.strings;
			sourceTree = "<group>";
		};
		C9002AA21547D8840044B6AD /* MainStoryboard.storyboard */ = {
			isa = PBXVariantGroup;
			children = (
				C9002AA31547D8840044B6AD /* en */,
			);
			name = MainStoryboard.storyboard;
			sourceTree = "<group>";
		};
/* End PBXVariantGroup section */

/* Begin XCBuildConfiguration section */
		C9002AAC1547D8840044B6AD /* Debug */ = {
			isa = XCBuildConfiguration;
			buildSettings = {
				ALWAYS_SEARCH_USER_PATHS = NO;
				ARCHS = "$(ARCHS_STANDARD_32_BIT)";
				CLANG_ENABLE_OBJC_ARC = YES;
				CODE_SIGN_IDENTITY = "iPhone Developer";
				COPY_PHASE_STRIP = NO;
				GCC_C_LANGUAGE_STANDARD = gnu99;
				GCC_DYNAMIC_NO_PIC = NO;
				GCC_OPTIMIZATION_LEVEL = 0;
				GCC_PREPROCESSOR_DEFINITIONS = (
					"USE_GLES=1",
					"DEBUG=1",
					"$(inherited)",
				);
				GCC_SYMBOLS_PRIVATE_EXTERN = NO;
				GCC_VERSION = com.apple.compilers.llvm.clang.1_0;
				GCC_WARN_ABOUT_RETURN_TYPE = YES;
				GCC_WARN_UNINITIALIZED_AUTOS = YES;
				GCC_WARN_UNUSED_VARIABLE = YES;
				IPHONEOS_DEPLOYMENT_TARGET = 5.1;
				PROVISIONING_PROFILE = "";
				SDKROOT = iphoneos;
				TARGETED_DEVICE_FAMILY = 2;
			};
			name = Debug;
		};
		C9002AAD1547D8840044B6AD /* Release */ = {
			isa = XCBuildConfiguration;
			buildSettings = {
				ALWAYS_SEARCH_USER_PATHS = NO;
				ARCHS = "$(ARCHS_STANDARD_32_BIT)";
				CLANG_ENABLE_OBJC_ARC = YES;
				CODE_SIGN_IDENTITY = "iPhone Developer";
				COPY_PHASE_STRIP = YES;
				GCC_C_LANGUAGE_STANDARD = gnu99;
				GCC_PREPROCESSOR_DEFINITIONS = "USE_GLES=1";
				GCC_VERSION = com.apple.compilers.llvm.clang.1_0;
				GCC_WARN_ABOUT_RETURN_TYPE = YES;
				GCC_WARN_UNINITIALIZED_AUTOS = YES;
				GCC_WARN_UNUSED_VARIABLE = YES;
				IPHONEOS_DEPLOYMENT_TARGET = 5.1;
				OTHER_CFLAGS = "-DNS_BLOCK_ASSERTIONS=1";
				PROVISIONING_PROFILE = "";
				SDKROOT = iphoneos;
				TARGETED_DEVICE_FAMILY = 2;
				VALIDATE_PRODUCT = YES;
			};
			name = Release;
		};
		C9002AAF1547D8840044B6AD /* Debug */ = {
			isa = XCBuildConfiguration;
			buildSettings = {
				GCC_PRECOMPILE_PREFIX_HEADER = YES;
				GCC_PREFIX_HEADER = "Ablaze/Ablaze-Prefix.pch";
				"GCC_THUMB_SUPPORT[arch=armv6]" = "";
				HEADER_SEARCH_PATHS = "$(BUILT_PRODUCTS_DIR)";
				INFOPLIST_FILE = "Ablaze/Ablaze-Info.plist";
				IPHONEOS_DEPLOYMENT_TARGET = 5.0;
				PRODUCT_NAME = "$(TARGET_NAME)";
				WRAPPER_EXTENSION = app;
			};
			name = Debug;
		};
		C9002AB01547D8840044B6AD /* Release */ = {
			isa = XCBuildConfiguration;
			buildSettings = {
				GCC_PRECOMPILE_PREFIX_HEADER = YES;
				GCC_PREFIX_HEADER = "Ablaze/Ablaze-Prefix.pch";
				"GCC_THUMB_SUPPORT[arch=armv6]" = "";
				HEADER_SEARCH_PATHS = "$(BUILT_PRODUCTS_DIR)";
				INFOPLIST_FILE = "Ablaze/Ablaze-Info.plist";
				IPHONEOS_DEPLOYMENT_TARGET = 5.0;
				PRODUCT_NAME = "$(TARGET_NAME)";
				WRAPPER_EXTENSION = app;
			};
			name = Release;
		};
/* End XCBuildConfiguration section */

/* Begin XCConfigurationList section */
		C9002A821547D8840044B6AD /* Build configuration list for PBXProject "Ablaze" */ = {
			isa = XCConfigurationList;
			buildConfigurations = (
				C9002AAC1547D8840044B6AD /* Debug */,
				C9002AAD1547D8840044B6AD /* Release */,
			);
			defaultConfigurationIsVisible = 0;
			defaultConfigurationName = Release;
		};
		C9002AAE1547D8840044B6AD /* Build configuration list for PBXNativeTarget "Ablaze" */ = {
			isa = XCConfigurationList;
			buildConfigurations = (
				C9002AAF1547D8840044B6AD /* Debug */,
				C9002AB01547D8840044B6AD /* Release */,
			);
			defaultConfigurationIsVisible = 0;
			defaultConfigurationName = Release;
		};
/* End XCConfigurationList section */
	};
	rootObject = C9002A7F1547D8840044B6AD /* Project object */;
}
